
Microsoft Visual Studio Solution File, Format Version 12.00
# Visual Studio 2012
Project("{FAE04EC0-301F-11D3-BF4B-00C04F79EFBC}") = "FakesAssembly", "FakesAssembly\FakesAssembly.csproj", "{3EDD79D2-DE45-4A5A-B618-8175EF2D2AFF}"
EndProject
Project("{FAE04EC0-301F-11D3-BF4B-00C04F79EFBC}") = "FakesAssembly.Tests", "FakesAssembly.Tests\FakesAssembly.Tests.csproj", "{1A541A6D-3EFA-4D59-8419-F377402835F7}"
EndProject
Global
	GlobalSection(SolutionConfigurationPlatforms) = preSolution
		Debug|Any CPU = Debug|Any CPU
		Release|Any CPU = Release|Any CPU
	EndGlobalSection
	GlobalSection(ProjectConfigurationPlatforms) = postSolution
		{3EDD79D2-DE45-4A5A-B618-8175EF2D2AFF}.Debug|Any CPU.ActiveCfg = Debug|Any CPU
		{3EDD79D2-DE45-4A5A-B618-8175EF2D2AFF}.Debug|Any CPU.Build.0 = Debug|Any CPU
		{3EDD79D2-DE45-4A5A-B618-8175EF2D2AFF}.Release|Any CPU.ActiveCfg = Release|Any CPU
		{3EDD79D2-DE45-4A5A-B618-8175EF2D2AFF}.Release|Any CPU.Build.0 = Release|Any CPU
		{1A541A6D-3EFA-4D59-8419-F377402835F7}.Debug|Any CPU.ActiveCfg = Debug|Any CPU
		{1A541A6D-3EFA-4D59-8419-F377402835F7}.Debug|Any CPU.Build.0 = Debug|Any CPU
		{1A541A6D-3EFA-4D59-8419-F377402835F7}.Release|Any CPU.ActiveCfg = Release|Any CPU
		{1A541A6D-3EFA-4D59-8419-F377402835F7}.Release|Any CPU.Build.0 = Release|Any CPU
	EndGlobalSection
	GlobalSection(SolutionProperties) = preSolution
		HideSolutionNode = FALSE
	EndGlobalSection
EndGlobal
